
Microsoft Visual Studio Solution File, Format Version 12.00
# Visual Studio Version 16
VisualStudioVersion = 16.0.29806.167
MinimumVisualStudioVersion = 10.0.40219.1
Project("{FAE04EC0-301F-11D3-BF4B-00C04F79EFBC}") = "Lgbox-CSharp-MSUnit", "Lgbox-CSharp-MSUnit\Lgbox-CSharp-MSUnit.csproj", "{50742876-E97E-461B-A9F1-30F82C08ADD9}"
EndProject
Project("{FAE04EC0-301F-11D3-BF4B-00C04F79EFBC}") = "Lgbox-CSharp-MSUnit-Tests", "Lgbox-CSharp-MSUnit-Tests\Lgbox-CSharp-MSUnit-Tests.csproj", "{CC2FD66E-7E87-4843-AD7D-6069B907FBAE}"
EndProject
Global
	GlobalSection(SolutionConfigurationPlatforms) = preSolution
		Debug|Any CPU = Debug|Any CPU
		Release|Any CPU = Release|Any CPU
	EndGlobalSection
	GlobalSection(ProjectConfigurationPlatforms) = postSolution
		{50742876-E97E-461B-A9F1-30F82C08ADD9}.Debug|Any CPU.ActiveCfg = Debug|Any CPU
		{50742876-E97E-461B-A9F1-30F82C08ADD9}.Debug|Any CPU.Build.0 = Debug|Any CPU
		{50742876-E97E-461B-A9F1-30F82C08ADD9}.Release|Any CPU.ActiveCfg = Release|Any CPU
		{50742876-E97E-461B-A9F1-30F82C08ADD9}.Release|Any CPU.Build.0 = Release|Any CPU
		{CC2FD66E-7E87-4843-AD7D-6069B907FBAE}.Debug|Any CPU.ActiveCfg = Debug|Any CPU
		{CC2FD66E-7E87-4843-AD7D-6069B907FBAE}.Debug|Any CPU.Build.0 = Debug|Any CPU
		{CC2FD66E-7E87-4843-AD7D-6069B907FBAE}.Release|Any CPU.ActiveCfg = Release|Any CPU
		{CC2FD66E-7E87-4843-AD7D-6069B907FBAE}.Release|Any CPU.Build.0 = Release|Any CPU
	EndGlobalSection
	GlobalSection(SolutionProperties) = preSolution
		HideSolutionNode = FALSE
	EndGlobalSection
	GlobalSection(ExtensibilityGlobals) = postSolution
		SolutionGuid = {65025858-1455-4A72-8521-E3E7588B80D7}
	EndGlobalSection
EndGlobal
